
Microsoft Visual Studio Solution File, Format Version 12.00
# Visual Studio Version 17
VisualStudioVersion = 17.0.31903.59
MinimumVisualStudioVersion = 10.0.40219.1
Project("{2150E333-8FDC-42A3-9474-1A3956D46DE8}") = "src", "src", "{DDF274DB-B130-448A-8B7C-BC52A76B7C31}"
EndProject
Project("{FAE04EC0-301F-11D3-BF4B-00C04F79EFBC}") = "AnimalAtlas.Api", "src\AnimalAtlas.Api\AnimalAtlas.Api.csproj", "{6AED05F6-E05B-45AF-8B55-92250DCCE1CD}"
EndProject
Project("{FAE04EC0-301F-11D3-BF4B-00C04F79EFBC}") = "AnimalAtlas.Infrastructure", "src\AnimalAtlas.Infrastructure\AnimalAtlas.Infrastructure.csproj", "{DBEB6084-D8CE-4C21-91E9-5EE566F39793}"
EndProject
Global
	GlobalSection(SolutionConfigurationPlatforms) = preSolution
		Debug|Any CPU = Debug|Any CPU
		Release|Any CPU = Release|Any CPU
	EndGlobalSection
	GlobalSection(SolutionProperties) = preSolution
		HideSolutionNode = FALSE
	EndGlobalSection
	GlobalSection(ProjectConfigurationPlatforms) = postSolution
		{6AED05F6-E05B-45AF-8B55-92250DCCE1CD}.Debug|Any CPU.ActiveCfg = Debug|Any CPU
		{6AED05F6-E05B-45AF-8B55-92250DCCE1CD}.Debug|Any CPU.Build.0 = Debug|Any CPU
		{6AED05F6-E05B-45AF-8B55-92250DCCE1CD}.Release|Any CPU.ActiveCfg = Release|Any CPU
		{6AED05F6-E05B-45AF-8B55-92250DCCE1CD}.Release|Any CPU.Build.0 = Release|Any CPU
		{DBEB6084-D8CE-4C21-91E9-5EE566F39793}.Debug|Any CPU.ActiveCfg = Debug|Any CPU
		{DBEB6084-D8CE-4C21-91E9-5EE566F39793}.Debug|Any CPU.Build.0 = Debug|Any CPU
		{DBEB6084-D8CE-4C21-91E9-5EE566F39793}.Release|Any CPU.ActiveCfg = Release|Any CPU
		{DBEB6084-D8CE-4C21-91E9-5EE566F39793}.Release|Any CPU.Build.0 = Release|Any CPU
	EndGlobalSection
	GlobalSection(NestedProjects) = preSolution
		{6AED05F6-E05B-45AF-8B55-92250DCCE1CD} = {DDF274DB-B130-448A-8B7C-BC52A76B7C31}
		{DBEB6084-D8CE-4C21-91E9-5EE566F39793} = {DDF274DB-B130-448A-8B7C-BC52A76B7C31}
	EndGlobalSection
EndGlobal
